// !$*UTF8*$!
{
	archiveVersion = 1;
	classes = {
	};
	objectVersion = 56;
	objects = {

/* Begin PBXBuildFile section */
		721B8EE3292457A100E1E6A2 /* 500-lamp.json in Resources */ = {isa = PBXBuildFile; fileRef = 721B8EE2292457A100E1E6A2 /* 500-lamp.json */; };
		726AF3E22924530100CBB12B /* AppDelegate.swift in Sources */ = {isa = PBXBuildFile; fileRef = 726AF3E12924530100CBB12B /* AppDelegate.swift */; };
		726AF3EB2924530300CBB12B /* Assets.xcassets in Resources */ = {isa = PBXBuildFile; fileRef = 726AF3EA2924530300CBB12B /* Assets.xcassets */; };
		726AF3EE2924530300CBB12B /* LaunchScreen.storyboard in Resources */ = {isa = PBXBuildFile; fileRef = 726AF3EC2924530300CBB12B /* LaunchScreen.storyboard */; };
		726AF3F72924533100CBB12B /* LampVC.swift in Sources */ = {isa = PBXBuildFile; fileRef = 726AF3F52924533100CBB12B /* LampVC.swift */; };
		726AF3F82924533100CBB12B /* LampVC.xib in Resources */ = {isa = PBXBuildFile; fileRef = 726AF3F62924533100CBB12B /* LampVC.xib */; };
		7BC22A9AB2275F651848E13F /* Pods_TheLamp.framework in Frameworks */ = {isa = PBXBuildFile; fileRef = FD8191E5A012C295B1E16212 /* Pods_TheLamp.framework */; };
/* End PBXBuildFile section */

/* Begin PBXFileReference section */
		03EABFDC4654F698EAE59125 /* Pods-TheLamp.debug.xcconfig */ = {isa = PBXFileReference; includeInIndex = 1; lastKnownFileType = text.xcconfig; name = "Pods-TheLamp.debug.xcconfig"; path = "Target Support Files/Pods-TheLamp/Pods-TheLamp.debug.xcconfig"; sourceTree = "<group>"; };
		157D2ACDE660C6E3EC1A1F80 /* Pods-TheLamp.release.xcconfig */ = {isa = PBXFileReference; includeInIndex = 1; lastKnownFileType = text.xcconfig; name = "Pods-TheLamp.release.xcconfig"; path = "Target Support Files/Pods-TheLamp/Pods-TheLamp.release.xcconfig"; sourceTree = "<group>"; };
		721B8EE2292457A100E1E6A2 /* 500-lamp.json */ = {isa = PBXFileReference; fileEncoding = 4; lastKnownFileType = text.json; name = "500-lamp.json"; path = "../../../Downloads/500-lamp.json"; sourceTree = "<group>"; };
		726AF3DE2924530100CBB12B /* TheLamp.app */ = {isa = PBXFileReference; explicitFileType = wrapper.application; includeInIndex = 0; path = TheLamp.app; sourceTree = BUILT_PRODUCTS_DIR; };
		726AF3E12924530100CBB12B /* AppDelegate.swift */ = {isa = PBXFileReference; lastKnownFileType = sourcecode.swift; path = AppDelegate.swift; sourceTree = "<group>"; };
		726AF3EA2924530300CBB12B /* Assets.xcassets */ = {isa = PBXFileReference; lastKnownFileType = folder.assetcatalog; path = Assets.xcassets; sourceTree = "<group>"; };
		726AF3ED2924530300CBB12B /* Base */ = {isa = PBXFileReference; lastKnownFileType = file.storyboard; name = Base; path = Base.lproj/LaunchScreen.storyboard; sourceTree = "<group>"; };
		726AF3EF2924530300CBB12B /* Info.plist */ = {isa = PBXFileReference; lastKnownFileType = text.plist.xml; path = Info.plist; sourceTree = "<group>"; };
		726AF3F52924533100CBB12B /* LampVC.swift */ = {isa = PBXFileReference; lastKnownFileType = sourcecode.swift; path = LampVC.swift; sourceTree = "<group>"; };
		726AF3F62924533100CBB12B /* LampVC.xib */ = {isa = PBXFileReference; lastKnownFileType = file.xib; path = LampVC.xib; sourceTree = "<group>"; };
		FD8191E5A012C295B1E16212 /* Pods_TheLamp.framework */ = {isa = PBXFileReference; explicitFileType = wrapper.framework; includeInIndex = 0; path = Pods_TheLamp.framework; sourceTree = BUILT_PRODUCTS_DIR; };
/* End PBXFileReference section */

/* Begin PBXFrameworksBuildPhase section */
		726AF3DB2924530100CBB12B /* Frameworks */ = {
			isa = PBXFrameworksBuildPhase;
			buildActionMask = 2147483647;
			files = (
				7BC22A9AB2275F651848E13F /* Pods_TheLamp.framework in Frameworks */,
			);
			runOnlyForDeploymentPostprocessing = 0;
		};
/* End PBXFrameworksBuildPhase section */

/* Begin PBXGroup section */
		6A5202A3372A5ECB6B190EDC /* Pods */ = {
			isa = PBXGroup;
			children = (
				03EABFDC4654F698EAE59125 /* Pods-TheLamp.debug.xcconfig */,
				157D2ACDE660C6E3EC1A1F80 /* Pods-TheLamp.release.xcconfig */,
			);
			path = Pods;
			sourceTree = "<group>";
		};
		726AF3D52924530100CBB12B = {
			isa = PBXGroup;
			children = (
				726AF3E02924530100CBB12B /* TheLamp */,
				726AF3DF2924530100CBB12B /* Products */,
				6A5202A3372A5ECB6B190EDC /* Pods */,
				8E95DA6AE6DE24E4E84C39E9 /* Frameworks */,
			);
			sourceTree = "<group>";
		};
		726AF3DF2924530100CBB12B /* Products */ = {
			isa = PBXGroup;
			children = (
				726AF3DE2924530100CBB12B /* TheLamp.app */,
			);
			name = Products;
			sourceTree = "<group>";
		};
		726AF3E02924530100CBB12B /* TheLamp */ = {
			isa = PBXGroup;
			children = (
				726AF3E12924530100CBB12B /* AppDelegate.swift */,
				726AF3F52924533100CBB12B /* LampVC.swift */,
				726AF3F62924533100CBB12B /* LampVC.xib */,
				726AF3EA2924530300CBB12B /* Assets.xcassets */,
				721B8EE2292457A100E1E6A2 /* 500-lamp.json */,
				726AF3EC2924530300CBB12B /* LaunchScreen.storyboard */,
				726AF3EF2924530300CBB12B /* Info.plist */,
			);
			path = TheLamp;
			sourceTree = "<group>";
		};
		8E95DA6AE6DE24E4E84C39E9 /* Frameworks */ = {
			isa = PBXGroup;
			children = (
				FD8191E5A012C295B1E16212 /* Pods_TheLamp.framework */,
			);
			name = Frameworks;
			sourceTree = "<group>";
		};
/* End PBXGroup section */

/* Begin PBXNativeTarget section */
		726AF3DD2924530100CBB12B /* TheLamp */ = {
			isa = PBXNativeTarget;
			buildConfigurationList = 726AF3F22924530300CBB12B /* Build configuration list for PBXNativeTarget "TheLamp" */;
			buildPhases = (
				88992055748D5CB29D7194FF /* [CP] Check Pods Manifest.lock */,
				726AF3DA2924530100CBB12B /* Sources */,
				726AF3DB2924530100CBB12B /* Frameworks */,
				726AF3DC2924530100CBB12B /* Resources */,
				2970F033F0CBC9B818D614E5 /* [CP] Embed Pods Frameworks */,
			);
			buildRules = (
			);
			dependencies = (
			);
			name = TheLamp;
			productName = TheLamp;
			productReference = 726AF3DE2924530100CBB12B /* TheLamp.app */;
			productType = "com.apple.product-type.application";
		};
/* End PBXNativeTarget section */

/* Begin PBXProject section */
		726AF3D62924530100CBB12B /* Project object */ = {
			isa = PBXProject;
			attributes = {
				BuildIndependentTargetsInParallel = 1;
				LastSwiftUpdateCheck = 1410;
				LastUpgradeCheck = 1410;
				TargetAttributes = {
					726AF3DD2924530100CBB12B = {
						CreatedOnToolsVersion = 14.1;
					};
				};
			};
			buildConfigurationList = 726AF3D92924530100CBB12B /* Build configuration list for PBXProject "TheLamp" */;
			compatibilityVersion = "Xcode 14.0";
			developmentRegion = en;
			hasScannedForEncodings = 0;
			knownRegions = (
				en,
				Base,
			);
			mainGroup = 726AF3D52924530100CBB12B;
			productRefGroup = 726AF3DF2924530100CBB12B /* Products */;
			projectDirPath = "";
			projectRoot = "";
			targets = (
				726AF3DD2924530100CBB12B /* TheLamp */,
			);
		};
/* End PBXProject section */

/* Begin PBXResourcesBuildPhase section */
		726AF3DC2924530100CBB12B /* Resources */ = {
			isa = PBXResourcesBuildPhase;
			buildActionMask = 2147483647;
			files = (
				726AF3EE2924530300CBB12B /* LaunchScreen.storyboard in Resources */,
				721B8EE3292457A100E1E6A2 /* 500-lamp.json in Resources */,
				726AF3EB2924530300CBB12B /* Assets.xcassets in Resources */,
				726AF3F82924533100CBB12B /* LampVC.xib in Resources */,
			);
			runOnlyForDeploymentPostprocessing = 0;
		};
/* End PBXResourcesBuildPhase section */

/* Begin PBXShellScriptBuildPhase section */
		2970F033F0CBC9B818D614E5 /* [CP] Embed Pods Frameworks */ = {
			isa = PBXShellScriptBuildPhase;
			buildActionMask = 2147483647;
			files = (
			);
			inputFileListPaths = (
				"${PODS_ROOT}/Target Support Files/Pods-TheLamp/Pods-TheLamp-frameworks-${CONFIGURATION}-input-files.xcfilelist",
			);
			name = "[CP] Embed Pods Frameworks";
			outputFileListPaths = (
				"${PODS_ROOT}/Target Support Files/Pods-TheLamp/Pods-TheLamp-frameworks-${CONFIGURATION}-output-files.xcfilelist",
			);
			runOnlyForDeploymentPostprocessing = 0;
			shellPath = /bin/sh;
			shellScript = "\"${PODS_ROOT}/Target Support Files/Pods-TheLamp/Pods-TheLamp-frameworks.sh\"\n";
			showEnvVarsInLog = 0;
		};
		88992055748D5CB29D7194FF /* [CP] Check Pods Manifest.lock */ = {
			isa = PBXShellScriptBuildPhase;
			buildActionMask = 2147483647;
			files = (
			);
			inputFileListPaths = (
			);
			inputPaths = (
				"${PODS_PODFILE_DIR_PATH}/Podfile.lock",
				"${PODS_ROOT}/Manifest.lock",
			);
			name = "[CP] Check Pods Manifest.lock";
			outputFileListPaths = (
			);
			outputPaths = (
				"$(DERIVED_FILE_DIR)/Pods-TheLamp-checkManifestLockResult.txt",
			);
			runOnlyForDeploymentPostprocessing = 0;
			shellPath = /bin/sh;
			shellScript = "diff \"${PODS_PODFILE_DIR_PATH}/Podfile.lock\" \"${PODS_ROOT}/Manifest.lock\" > /dev/null\nif [ $? != 0 ] ; then\n    # print error to STDERR\n    echo \"error: The sandbox is not in sync with the Podfile.lock. Run 'pod install' or update your CocoaPods installation.\" >&2\n    exit 1\nfi\n# This output is used by Xcode 'outputs' to avoid re-running this script phase.\necho \"SUCCESS\" > \"${SCRIPT_OUTPUT_FILE_0}\"\n";
			showEnvVarsInLog = 0;
		};
/* End PBXShellScriptBuildPhase section */

/* Begin PBXSourcesBuildPhase section */
		726AF3DA2924530100CBB12B /* Sources */ = {
			isa = PBXSourcesBuildPhase;
			buildActionMask = 2147483647;
			files = (
				726AF3F72924533100CBB12B /* LampVC.swift in Sources */,
				726AF3E22924530100CBB12B /* AppDelegate.swift in Sources */,
			);
			runOnlyForDeploymentPostprocessing = 0;
		};
/* End PBXSourcesBuildPhase section */

/* Begin PBXVariantGroup section */
		726AF3EC2924530300CBB12B /* LaunchScreen.storyboard */ = {
			isa = PBXVariantGroup;
			children = (
				726AF3ED2924530300CBB12B /* Base */,
			);
			name = LaunchScreen.storyboard;
			sourceTree = "<group>";
		};
/* End PBXVariantGroup section */

/* Begin XCBuildConfiguration section */
		726AF3F02924530300CBB12B /* Debug */ = {
			isa = XCBuildConfiguration;
			buildSettings = {
				ALWAYS_SEARCH_USER_PATHS = NO;
				CLANG_ANALYZER_NONNULL = YES;
				CLANG_ANALYZER_NUMBER_OBJECT_CONVERSION = YES_AGGRESSIVE;
				CLANG_CXX_LANGUAGE_STANDARD = "gnu++20";
				CLANG_ENABLE_MODULES = YES;
				CLANG_ENABLE_OBJC_ARC = YES;
				CLANG_ENABLE_OBJC_WEAK = YES;
				CLANG_WARN_BLOCK_CAPTURE_AUTORELEASING = YES;
				CLANG_WARN_BOOL_CONVERSION = YES;
				CLANG_WARN_COMMA = YES;
				CLANG_WARN_CONSTANT_CONVERSION = YES;
				CLANG_WARN_DEPRECATED_OBJC_IMPLEMENTATIONS = YES;
				CLANG_WARN_DIRECT_OBJC_ISA_USAGE = YES_ERROR;
				CLANG_WARN_DOCUMENTATION_COMMENTS = YES;
				CLANG_WARN_EMPTY_BODY = YES;
				CLANG_WARN_ENUM_CONVERSION = YES;
				CLANG_WARN_INFINITE_RECURSION = YES;
				CLANG_WARN_INT_CONVERSION = YES;
				CLANG_WARN_NON_LITERAL_NULL_CONVERSION = YES;
				CLANG_WARN_OBJC_IMPLICIT_RETAIN_SELF = YES;
				CLANG_WARN_OBJC_LITERAL_CONVERSION = YES;
				CLANG_WARN_OBJC_ROOT_CLASS = YES_ERROR;
				CLANG_WARN_QUOTED_INCLUDE_IN_FRAMEWORK_HEADER = YES;
				CLANG_WARN_RANGE_LOOP_ANALYSIS = YES;
				CLANG_WARN_STRICT_PROTOTYPES = YES;
				CLANG_WARN_SUSPICIOUS_MOVE = YES;
				CLANG_WARN_UNGUARDED_AVAILABILITY = YES_AGGRESSIVE;
				CLANG_WARN_UNREACHABLE_CODE = YES;
				CLANG_WARN__DUPLICATE_METHOD_MATCH = YES;
				COPY_PHASE_STRIP = NO;
				DEBUG_INFORMATION_FORMAT = dwarf;
				ENABLE_STRICT_OBJC_MSGSEND = YES;
				ENABLE_TESTABILITY = YES;
				GCC_C_LANGUAGE_STANDARD = gnu11;
				GCC_DYNAMIC_NO_PIC = NO;
				GCC_NO_COMMON_BLOCKS = YES;
				GCC_OPTIMIZATION_LEVEL = 0;
				GCC_PREPROCESSOR_DEFINITIONS = (
					"DEBUG=1",
					"$(inherited)",
				);
				GCC_WARN_64_TO_32_BIT_CONVERSION = YES;
				GCC_WARN_ABOUT_RETURN_TYPE = YES_ERROR;
				GCC_WARN_UNDECLARED_SELECTOR = YES;
				GCC_WARN_UNINITIALIZED_AUTOS = YES_AGGRESSIVE;
				GCC_WARN_UNUSED_FUNCTION = YES;
				GCC_WARN_UNUSED_VARIABLE = YES;
				IPHONEOS_DEPLOYMENT_TARGET = 16.0;
				MTL_ENABLE_DEBUG_INFO = INCLUDE_SOURCE;
				MTL_FAST_MATH = YES;
				ONLY_ACTIVE_ARCH = YES;
				SDKROOT = iphoneos;
				SWIFT_ACTIVE_COMPILATION_CONDITIONS = DEBUG;
				SWIFT_OPTIMIZATION_LEVEL = "-Onone";
			};
			name = Debug;
		};
		726AF3F12924530300CBB12B /* Release */ = {
			isa = XCBuildConfiguration;
			buildSettings = {
				ALWAYS_SEARCH_USER_PATHS = NO;
				CLANG_ANALYZER_NONNULL = YES;
				CLANG_ANALYZER_NUMBER_OBJECT_CONVERSION = YES_AGGRESSIVE;
				CLANG_CXX_LANGUAGE_STANDARD = "gnu++20";
				CLANG_ENABLE_MODULES = YES;
				CLANG_ENABLE_OBJC_ARC = YES;
				CLANG_ENABLE_OBJC_WEAK = YES;
				CLANG_WARN_BLOCK_CAPTURE_AUTORELEASING = YES;
				CLANG_WARN_BOOL_CONVERSION = YES;
				CLANG_WARN_COMMA = YES;
				CLANG_WARN_CONSTANT_CONVERSION = YES;
				CLANG_WARN_DEPRECATED_OBJC_IMPLEMENTATIONS = YES;
				CLANG_WARN_DIRECT_OBJC_ISA_USAGE = YES_ERROR;
				CLANG_WARN_DOCUMENTATION_COMMENTS = YES;
				CLANG_WARN_EMPTY_BODY = YES;
				CLANG_WARN_ENUM_CONVERSION = YES;
				CLANG_WARN_INFINITE_RECURSION = YES;
				CLANG_WARN_INT_CONVERSION = YES;
				CLANG_WARN_NON_LITERAL_NULL_CONVERSION = YES;
				CLANG_WARN_OBJC_IMPLICIT_RETAIN_SELF = YES;
				CLANG_WARN_OBJC_LITERAL_CONVERSION = YES;
				CLANG_WARN_OBJC_ROOT_CLASS = YES_ERROR;
				CLANG_WARN_QUOTED_INCLUDE_IN_FRAMEWORK_HEADER = YES;
				CLANG_WARN_RANGE_LOOP_ANALYSIS = YES;
				CLANG_WARN_STRICT_PROTOTYPES = YES;
				CLANG_WARN_SUSPICIOUS_MOVE = YES;
				CLANG_WARN_UNGUARDED_AVAILABILITY = YES_AGGRESSIVE;
				CLANG_WARN_UNREACHABLE_CODE = YES;
				CLANG_WARN__DUPLICATE_METHOD_MATCH = YES;
				COPY_PHASE_STRIP = NO;
				DEBUG_INFORMATION_FORMAT = "dwarf-with-dsym";
				ENABLE_NS_ASSERTIONS = NO;
				ENABLE_STRICT_OBJC_MSGSEND = YES;
				GCC_C_LANGUAGE_STANDARD = gnu11;
				GCC_NO_COMMON_BLOCKS = YES;
				GCC_WARN_64_TO_32_BIT_CONVERSION = YES;
				GCC_WARN_ABOUT_RETURN_TYPE = YES_ERROR;
				GCC_WARN_UNDECLARED_SELECTOR = YES;
				GCC_WARN_UNINITIALIZED_AUTOS = YES_AGGRESSIVE;
				GCC_WARN_UNUSED_FUNCTION = YES;
				GCC_WARN_UNUSED_VARIABLE = YES;
				IPHONEOS_DEPLOYMENT_TARGET = 16.0;
				MTL_ENABLE_DEBUG_INFO = NO;
				MTL_FAST_MATH = YES;
				SDKROOT = iphoneos;
				SWIFT_COMPILATION_MODE = wholemodule;
				SWIFT_OPTIMIZATION_LEVEL = "-O";
				VALIDATE_PRODUCT = YES;
			};
			name = Release;
		};
		726AF3F32924530300CBB12B /* Debug */ = {
			isa = XCBuildConfiguration;
			baseConfigurationReference = 03EABFDC4654F698EAE59125 /* Pods-TheLamp.debug.xcconfig */;
			buildSettings = {
				ASSETCATALOG_COMPILER_APPICON_NAME = AppIcon;
				ASSETCATALOG_COMPILER_GLOBAL_ACCENT_COLOR_NAME = AccentColor;
				CODE_SIGN_STYLE = Automatic;
				CURRENT_PROJECT_VERSION = 1;
				DEVELOPMENT_TEAM = Y4A7N7GK38;
				GENERATE_INFOPLIST_FILE = YES;
				INFOPLIST_FILE = TheLamp/Info.plist;
				INFOPLIST_KEY_UIApplicationSupportsIndirectInputEvents = YES;
				INFOPLIST_KEY_UILaunchStoryboardName = LaunchScreen;
				INFOPLIST_KEY_UIMainStoryboardFile = "";
				INFOPLIST_KEY_UISupportedInterfaceOrientations_iPad = "UIInterfaceOrientationPortrait UIInterfaceOrientationPortraitUpsideDown UIInterfaceOrientationLandscapeLeft UIInterfaceOrientationLandscapeRight";
				INFOPLIST_KEY_UISupportedInterfaceOrientations_iPhone = "UIInterfaceOrientationPortrait UIInterfaceOrientationLandscapeLeft UIInterfaceOrientationLandscapeRight";
				IPHONEOS_DEPLOYMENT_TARGET = 16.0;
				LD_RUNPATH_SEARCH_PATHS = (
					"$(inherited)",
					"@executable_path/Frameworks",
				);
				MARKETING_VERSION = 1.0;
				PRODUCT_BUNDLE_IDENTIFIER = com.humbledev.TheLamp;
				PRODUCT_NAME = "$(TARGET_NAME)";
				SWIFT_EMIT_LOC_STRINGS = YES;
				SWIFT_VERSION = 5.0;
				TARGETED_DEVICE_FAMILY = "1,2";
			};
			name = Debug;
		};
		726AF3F42924530300CBB12B /* Release */ = {
			isa = XCBuildConfiguration;
			baseConfigurationReference = 157D2ACDE660C6E3EC1A1F80 /* Pods-TheLamp.release.xcconfig */;
			buildSettings = {
				ASSETCATALOG_COMPILER_APPICON_NAME = AppIcon;
				ASSETCATALOG_COMPILER_GLOBAL_ACCENT_COLOR_NAME = AccentColor;
				CODE_SIGN_STYLE = Automatic;
				CURRENT_PROJECT_VERSION = 1;
				DEVELOPMENT_TEAM = Y4A7N7GK38;
				GENERATE_INFOPLIST_FILE = YES;
				INFOPLIST_FILE = TheLamp/Info.plist;
				INFOPLIST_KEY_UIApplicationSupportsIndirectInputEvents = YES;
				INFOPLIST_KEY_UILaunchStoryboardName = LaunchScreen;
				INFOPLIST_KEY_UIMainStoryboardFile = "";
				INFOPLIST_KEY_UISupportedInterfaceOrientations_iPad = "UIInterfaceOrientationPortrait UIInterfaceOrientationPortraitUpsideDown UIInterfaceOrientationLandscapeLeft UIInterfaceOrientationLandscapeRight";
				INFOPLIST_KEY_UISupportedInterfaceOrientations_iPhone = "UIInterfaceOrientationPortrait UIInterfaceOrientationLandscapeLeft UIInterfaceOrientationLandscapeRight";
				IPHONEOS_DEPLOYMENT_TARGET = 16.0;
				LD_RUNPATH_SEARCH_PATHS = (
					"$(inherited)",
					"@executable_path/Frameworks",
				);
				MARKETING_VERSION = 1.0;
				PRODUCT_BUNDLE_IDENTIFIER = com.humbledev.TheLamp;
				PRODUCT_NAME = "$(TARGET_NAME)";
				SWIFT_EMIT_LOC_STRINGS = YES;
				SWIFT_VERSION = 5.0;
				TARGETED_DEVICE_FAMILY = "1,2";
			};
			name = Release;
		};
/* End XCBuildConfiguration section */

/* Begin XCConfigurationList section */
		726AF3D92924530100CBB12B /* Build configuration list for PBXProject "TheLamp" */ = {
			isa = XCConfigurationList;
			buildConfigurations = (
				726AF3F02924530300CBB12B /* Debug */,
				726AF3F12924530300CBB12B /* Release */,
			);
			defaultConfigurationIsVisible = 0;
			defaultConfigurationName = Release;
		};
		726AF3F22924530300CBB12B /* Build configuration list for PBXNativeTarget "TheLamp" */ = {
			isa = XCConfigurationList;
			buildConfigurations = (
				726AF3F32924530300CBB12B /* Debug */,
				726AF3F42924530300CBB12B /* Release */,
			);
			defaultConfigurationIsVisible = 0;
			defaultConfigurationName = Release;
		};
/* End XCConfigurationList section */
	};
	rootObject = 726AF3D62924530100CBB12B /* Project object */;
}
